{
  "requires": true,
  "lockfileVersion": 1,
  "dependencies": {
    "js-tokens": {
      "version": "4.0.0",
      "resolved": "https://registry.npmjs.org/js-tokens/-/js-tokens-4.0.0.tgz",
      "integrity": "sha512-RdJUflcE3cUzKiMqQgsCu06FPu9UdIJO0beYbPhHN4k6apgJtifcoCtT9bcxOpYBtpD2kCM6Sbzg4CausW/PKQ=="
    },
    "loose-envify": {
      "version": "1.4.0",
      "resolved": "https://registry.npmjs.org/loose-envify/-/loose-envify-1.4.0.tgz",
      "integrity": "sha512-lyuxPGr/Wfhrlem2CL/UcnUc1zcqKAImBDzukY7Y5F/yQiNdko6+fRLevlw1HgMySw7f611UIY408EtxRSoK3Q==",
      "requires": {
        "js-tokens": "^3.0.0 || ^4.0.0"
      }
    },
    "object-assign": {
      "version": "4.1.1",
      "resolved": "https://registry.npmjs.org/object-assign/-/object-assign-4.1.1.tgz",
      "integrity": "sha1-IQmtx5ZYh8/AXLvUQsrIv7s2CGM="
    },
    "react-device-detect": {
      "version": "1.17.0",
      "resolved": "https://registry.npmjs.org/react-device-detect/-/react-device-detect-1.17.0.tgz",
      "integrity": "sha512-bBblIStwpHmoS281JFIVqeimcN3LhpoP5YKDWzxQdBIUP8S2xPvHDgizLDhUq2ScguLfVPmwfF5y268EEQR60w==",
      "requires": {
        "ua-parser-js": "^0.7.24"
      }
    },
    "ua-parser-js": {
      "version": "0.7.27",
      "resolved": "https://registry.npmjs.org/ua-parser-js/-/ua-parser-js-0.7.27.tgz",
      "integrity": "sha512-eXMaRYK2skomGocoX0x9sBXzx5A1ZVQgXfrW4mTc8dT0zS7olEcyfudAzRC5tIIRgLxQ69B6jut3DI+n5hslPA=="
    }
  }
}
